
Microsoft Visual Studio Solution File, Format Version 12.00
# Visual Studio Version 17
VisualStudioVersion = 17.9.34728.123
MinimumVisualStudioVersion = 10.0.40219.1
Project("{2150E333-8FDC-42A3-9474-1A3956D46DE8}") = "API 1", "API 1", "{1E6D5272-1AF1-47CE-903D-0BA181996744}"
EndProject
Project("{2150E333-8FDC-42A3-9474-1A3956D46DE8}") = "API 2", "API 2", "{0ECF9AC6-7FC5-4218-88CE-665958F12834}"
EndProject
Project("{FAE04EC0-301F-11D3-BF4B-00C04F79EFBC}") = "Demo.API.1", "src\Demo.API.1\Demo.API.1.csproj", "{B3154223-4976-446F-AD18-2C3054CC5F50}"
EndProject
Project("{FAE04EC0-301F-11D3-BF4B-00C04F79EFBC}") = "Demo.API.2", "src\Demo.API.2\Demo.API.2.csproj", "{F6C70B6F-B1AC-489F-A32C-AE5CBE409BEE}"
EndProject
Global
	GlobalSection(SolutionConfigurationPlatforms) = preSolution
		Debug|Any CPU = Debug|Any CPU
		Release|Any CPU = Release|Any CPU
	EndGlobalSection
	GlobalSection(ProjectConfigurationPlatforms) = postSolution
		{B3154223-4976-446F-AD18-2C3054CC5F50}.Debug|Any CPU.ActiveCfg = Debug|Any CPU
		{B3154223-4976-446F-AD18-2C3054CC5F50}.Debug|Any CPU.Build.0 = Debug|Any CPU
		{B3154223-4976-446F-AD18-2C3054CC5F50}.Release|Any CPU.ActiveCfg = Release|Any CPU
		{B3154223-4976-446F-AD18-2C3054CC5F50}.Release|Any CPU.Build.0 = Release|Any CPU
		{F6C70B6F-B1AC-489F-A32C-AE5CBE409BEE}.Debug|Any CPU.ActiveCfg = Debug|Any CPU
		{F6C70B6F-B1AC-489F-A32C-AE5CBE409BEE}.Debug|Any CPU.Build.0 = Debug|Any CPU
		{F6C70B6F-B1AC-489F-A32C-AE5CBE409BEE}.Release|Any CPU.ActiveCfg = Release|Any CPU
		{F6C70B6F-B1AC-489F-A32C-AE5CBE409BEE}.Release|Any CPU.Build.0 = Release|Any CPU
	EndGlobalSection
	GlobalSection(SolutionProperties) = preSolution
		HideSolutionNode = FALSE
	EndGlobalSection
	GlobalSection(NestedProjects) = preSolution
		{B3154223-4976-446F-AD18-2C3054CC5F50} = {1E6D5272-1AF1-47CE-903D-0BA181996744}
		{F6C70B6F-B1AC-489F-A32C-AE5CBE409BEE} = {0ECF9AC6-7FC5-4218-88CE-665958F12834}
	EndGlobalSection
	GlobalSection(ExtensibilityGlobals) = postSolution
		SolutionGuid = {89DC1C34-8C43-49B5-BB17-FE464F6ED4E9}
	EndGlobalSection
EndGlobal
